
Microsoft Visual Studio Solution File, Format Version 11.00
# Visual C++ Express 2010
Project("{8BC9CEB8-8B4A-11D0-8D11-00A0C91BC942}") = "RushHour", "RushHour\RushHour.vcxproj", "{D443EFA4-2528-4998-A0CF-89EBE25CC077}"
EndProject
Global
	GlobalSection(SolutionConfigurationPlatforms) = preSolution
		Debug|Win32 = Debug|Win32
		Release|Win32 = Release|Win32
	EndGlobalSection
	GlobalSection(ProjectConfigurationPlatforms) = postSolution
		{D443EFA4-2528-4998-A0CF-89EBE25CC077}.Debug|Win32.ActiveCfg = Debug|Win32
		{D443EFA4-2528-4998-A0CF-89EBE25CC077}.Debug|Win32.Build.0 = Debug|Win32
		{D443EFA4-2528-4998-A0CF-89EBE25CC077}.Release|Win32.ActiveCfg = Release|Win32
		{D443EFA4-2528-4998-A0CF-89EBE25CC077}.Release|Win32.Build.0 = Release|Win32
	EndGlobalSection
	GlobalSection(SolutionProperties) = preSolution
		HideSolutionNode = FALSE
	EndGlobalSection
EndGlobal
